Microsoft Visual Studio Solution File, Format Version 11.00
# Visual Studio 2010
Project("{FAE04EC0-301F-11D3-BF4B-00C04F79EFBC}") = "Microsoft.MixedReality.Toolkit.SDK", "Microsoft.MixedReality.Toolkit.SDK.csproj", "{34CD1EEF-0382-83E3-88C3-1E6873B0C2B1}"
EndProject
Project("{FAE04EC0-301F-11D3-BF4B-00C04F79EFBC}") = "Microsoft.MixedReality.Toolkit.Providers.OpenVR", "Microsoft.MixedReality.Toolkit.Providers.OpenVR.csproj", "{3DD87B82-1677-25BF-7B2A-D6122A7DB89E}"
EndProject
Project("{FAE04EC0-301F-11D3-BF4B-00C04F79EFBC}") = "Microsoft.MixedReality.Toolkit.Examples", "Microsoft.MixedReality.Toolkit.Examples.csproj", "{3DC700A0-2BC1-E29A-0651-BDB24928C1D2}"
EndProject
Project("{FAE04EC0-301F-11D3-BF4B-00C04F79EFBC}") = "Microsoft.MixedReality.Toolkit", "Microsoft.MixedReality.Toolkit.csproj", "{1DC8910D-E55C-BB4A-8A87-E1D56E8CAB98}"
EndProject
Project("{FAE04EC0-301F-11D3-BF4B-00C04F79EFBC}") = "Microsoft.MixedReality.Toolkit.Services.SpatialAwarenessSystem", "Microsoft.MixedReality.Toolkit.Services.SpatialAwarenessSystem.csproj", "{40F16754-9CEE-F0B3-4034-DB7770AFA043}"
EndProject
Project("{FAE04EC0-301F-11D3-BF4B-00C04F79EFBC}") = "VuforiaScripts", "VuforiaScripts.csproj", "{B8A9FCC6-8200-C487-FABB-D964D5F48F24}"
EndProject
Project("{FAE04EC0-301F-11D3-BF4B-00C04F79EFBC}") = "Microsoft.MixedReality.Toolkit.Extensions.SceneTransitionService", "Microsoft.MixedReality.Toolkit.Extensions.SceneTransitionService.csproj", "{6891AE58-A767-2FE5-4145-FECF3B781C16}"
EndProject
Project("{FAE04EC0-301F-11D3-BF4B-00C04F79EFBC}") = "ParoxePDFRenderer", "ParoxePDFRenderer.csproj", "{23EF64E1-1FF2-D229-EC6F-F0690B8DC1AC}"
EndProject
Project("{FAE04EC0-301F-11D3-BF4B-00C04F79EFBC}") = "Microsoft.MixedReality.Toolkit.Gltf", "Microsoft.MixedReality.Toolkit.Gltf.csproj", "{DA29C35D-CDCD-C5B2-9093-35ACA0F3C092}"
EndProject
Project("{FAE04EC0-301F-11D3-BF4B-00C04F79EFBC}") = "StandAloneFileBrowser", "StandAloneFileBrowser.csproj", "{66A6A373-ED2A-FDDC-54F7-C38D31FDC33E}"
EndProject
Project("{FAE04EC0-301F-11D3-BF4B-00C04F79EFBC}") = "Microsoft.MixedReality.Toolkit.Services.SceneSystem", "Microsoft.MixedReality.Toolkit.Services.SceneSystem.csproj", "{FF7D6AA8-E1B5-2686-D47A-A255224CE066}"
EndProject
Project("{FAE04EC0-301F-11D3-BF4B-00C04F79EFBC}") = "Microsoft.MixedReality.Toolkit.Services.InputSystem", "Microsoft.MixedReality.Toolkit.Services.InputSystem.csproj", "{7C065300-9066-FA4B-8AEF-19391C001DAB}"
EndProject
Project("{FAE04EC0-301F-11D3-BF4B-00C04F79EFBC}") = "Microsoft.MixedReality.Toolkit.Providers.LeapMotion", "Microsoft.MixedReality.Toolkit.Providers.LeapMotion.csproj", "{0600910D-9E4F-F71C-2AA7-C472244C3CEF}"
EndProject
Project("{FAE04EC0-301F-11D3-BF4B-00C04F79EFBC}") = "HoloCore", "HoloCore.csproj", "{33E67E91-51EE-8D14-0DD5-C5ADB7F1879A}"
EndProject
Project("{FAE04EC0-301F-11D3-BF4B-00C04F79EFBC}") = "HoloCAD.Tubes", "HoloCAD.Tubes.csproj", "{BC6772DD-83D9-1C68-6ED8-BB7F436E6D2B}"
EndProject
Project("{FAE04EC0-301F-11D3-BF4B-00C04F79EFBC}") = "HoloCore.Marks", "HoloCore.Marks.csproj", "{E9AF5A56-CB43-7C5D-E382-B86CD608DDEE}"
EndProject
Project("{FAE04EC0-301F-11D3-BF4B-00C04F79EFBC}") = "HoloCAD.Main", "HoloCAD.Main.csproj", "{9296E5FF-1008-8A73-5DDE-1BD9CA2B3FCF}"
EndProject
Project("{FAE04EC0-301F-11D3-BF4B-00C04F79EFBC}") = "Microsoft.MixedReality.Toolkit.Services.InputSimulation", "Microsoft.MixedReality.Toolkit.Services.InputSimulation.csproj", "{97D7EEEF-D62C-A115-CD60-CB3CA07AB7AA}"
EndProject
Project("{FAE04EC0-301F-11D3-BF4B-00C04F79EFBC}") = "HoloCore.FileManager", "HoloCore.FileManager.csproj", "{86D5A602-56A4-A0F2-4395-9D6092F35AD9}"
EndProject
Project("{FAE04EC0-301F-11D3-BF4B-00C04F79EFBC}") = "Microsoft.MixedReality.Toolkit.Providers.UnityAR", "Microsoft.MixedReality.Toolkit.Providers.UnityAR.csproj", "{97799DF3-40C3-08A0-DA7D-F5C7F6E7AFBA}"
EndProject
Project("{FAE04EC0-301F-11D3-BF4B-00C04F79EFBC}") = "Microsoft.MixedReality.Toolkit.Services.InputAnimation", "Microsoft.MixedReality.Toolkit.Services.InputAnimation.csproj", "{AC17B01A-DD8F-80DC-A76F-9558DE9F6C81}"
EndProject
Project("{FAE04EC0-301F-11D3-BF4B-00C04F79EFBC}") = "Microsoft.MixedReality.Toolkit.Providers.WindowsVoiceInput", "Microsoft.MixedReality.Toolkit.Providers.WindowsVoiceInput.csproj", "{CBE8554F-7259-E21B-5B62-B8018B106B01}"
EndProject
Project("{FAE04EC0-301F-11D3-BF4B-00C04F79EFBC}") = "Microsoft.MixedReality.Toolkit.Extensions.Tracking", "Microsoft.MixedReality.Toolkit.Extensions.Tracking.csproj", "{B157FE44-DFF2-C70B-E64B-E86C34D08D69}"
EndProject
Project("{FAE04EC0-301F-11D3-BF4B-00C04F79EFBC}") = "Microsoft.MixedReality.Toolkit.Services.DiagnosticsSystem", "Microsoft.MixedReality.Toolkit.Services.DiagnosticsSystem.csproj", "{E9540F84-0E73-0781-5123-032CBEDDD468}"
EndProject
Project("{FAE04EC0-301F-11D3-BF4B-00C04F79EFBC}") = "Microsoft.MixedReality.Toolkit.Demos.InspectorFields", "Microsoft.MixedReality.Toolkit.Demos.InspectorFields.csproj", "{ACB374B3-AC31-2153-F6D9-BB4A85551DF8}"
EndProject
Project("{FAE04EC0-301F-11D3-BF4B-00C04F79EFBC}") = "Microsoft.MixedReality.Toolkit.Extensions.HandPhysics", "Microsoft.MixedReality.Toolkit.Extensions.HandPhysics.csproj", "{F86B47F4-A583-9655-3052-1FD586D497BD}"
EndProject
Project("{FAE04EC0-301F-11D3-BF4B-00C04F79EFBC}") = "HoloCore.Docs2D", "HoloCore.Docs2D.csproj", "{AB883F74-611C-156C-8495-254CBFAE770A}"
EndProject
Project("{FAE04EC0-301F-11D3-BF4B-00C04F79EFBC}") = "Microsoft.MixedReality.Toolkit.Async", "Microsoft.MixedReality.Toolkit.Async.csproj", "{2DBCFCD9-E6AD-6124-75F0-634100FF6FC8}"
EndProject
Project("{FAE04EC0-301F-11D3-BF4B-00C04F79EFBC}") = "Microsoft.MixedReality.Toolkit.Providers.WindowsMixedReality", "Microsoft.MixedReality.Toolkit.Providers.WindowsMixedReality.csproj", "{9A27D7D5-1B21-AB95-D976-6937713056BB}"
EndProject
Project("{FAE04EC0-301F-11D3-BF4B-00C04F79EFBC}") = "Microsoft.MixedReality.Toolkit.Demos.Gltf", "Microsoft.MixedReality.Toolkit.Demos.Gltf.csproj", "{F3517085-DAFF-9324-3BC4-3C5A2171D2E8}"
EndProject
Project("{FAE04EC0-301F-11D3-BF4B-00C04F79EFBC}") = "Microsoft.MixedReality.Toolkit.Demos.UX.Interactables", "Microsoft.MixedReality.Toolkit.Demos.UX.Interactables.csproj", "{267F6E1C-D032-CFFB-CBE9-5A47FE1E3281}"
EndProject
Project("{FAE04EC0-301F-11D3-BF4B-00C04F79EFBC}") = "Microsoft.MixedReality.Toolkit.Providers.WindowsMixedReality.Shared", "Microsoft.MixedReality.Toolkit.Providers.WindowsMixedReality.Shared.csproj", "{1046BFC2-81F8-997C-E702-63740A5C3ACF}"
EndProject
Project("{FAE04EC0-301F-11D3-BF4B-00C04F79EFBC}") = "HoloCore.glTF", "HoloCore.glTF.csproj", "{46C2BB2F-89FF-6EB4-E2C9-6411CD4637C4}"
EndProject
Project("{FAE04EC0-301F-11D3-BF4B-00C04F79EFBC}") = "Microsoft.MixedReality.Toolkit.Services.TeleportSystem", "Microsoft.MixedReality.Toolkit.Services.TeleportSystem.csproj", "{E1B558D8-CE69-5EB3-2540-079331F5A9BA}"
EndProject
Project("{FAE04EC0-301F-11D3-BF4B-00C04F79EFBC}") = "Microsoft.MixedReality.Toolkit.Tools.Runtime", "Microsoft.MixedReality.Toolkit.Tools.Runtime.csproj", "{9BFB8309-8A37-7CD1-2A32-4F76C61FE38E}"
EndProject
Project("{FAE04EC0-301F-11D3-BF4B-00C04F79EFBC}") = "Microsoft.MixedReality.Toolkit.Services.CameraSystem", "Microsoft.MixedReality.Toolkit.Services.CameraSystem.csproj", "{A80E35DB-86F2-EC27-7310-26C574377C54}"
EndProject
Project("{FAE04EC0-301F-11D3-BF4B-00C04F79EFBC}") = "Microsoft.MixedReality.Toolkit.Services.BoundarySystem", "Microsoft.MixedReality.Toolkit.Services.BoundarySystem.csproj", "{2B84514F-7A45-D7CA-9618-5C84A74DB2B5}"
EndProject
Project("{FAE04EC0-301F-11D3-BF4B-00C04F79EFBC}") = "HoloTest", "HoloTest.csproj", "{611914B4-14BE-7C24-7C79-5C4214EEAFD6}"
EndProject
Project("{FAE04EC0-301F-11D3-BF4B-00C04F79EFBC}") = "Microsoft.MixedReality.Toolkit.SDK.Inspectors", "Microsoft.MixedReality.Toolkit.SDK.Inspectors.csproj", "{96AB1623-16BE-B366-691A-36809BE13D1A}"
EndProject
Project("{FAE04EC0-301F-11D3-BF4B-00C04F79EFBC}") = "Microsoft.MixedReality.Toolkit.Editor.Inspectors", "Microsoft.MixedReality.Toolkit.Editor.Inspectors.csproj", "{D11867C7-C89F-CACC-5F33-142387C92583}"
EndProject
Project("{FAE04EC0-301F-11D3-BF4B-00C04F79EFBC}") = "Microsoft.MixedReality.Toolkit.Editor.ServiceInspectors", "Microsoft.MixedReality.Toolkit.Editor.ServiceInspectors.csproj", "{EC4A9CB6-18D1-1332-8E62-28ADC24863DA}"
EndProject
Project("{FAE04EC0-301F-11D3-BF4B-00C04F79EFBC}") = "Microsoft.MixedReality.Toolkit.SDK.Experimental.Inspectors", "Microsoft.MixedReality.Toolkit.SDK.Experimental.Inspectors.csproj", "{3E25E2DC-4E64-4B4E-D897-A177021BE90C}"
EndProject
Project("{FAE04EC0-301F-11D3-BF4B-00C04F79EFBC}") = "Microsoft.MixedReality.Toolkit.Providers.XRSDK.WindowsMixedReality.Editor", "Microsoft.MixedReality.Toolkit.Providers.XRSDK.WindowsMixedReality.Editor.csproj", "{20BF8590-0F85-A86F-84A8-B63006E5E435}"
EndProject
Project("{FAE04EC0-301F-11D3-BF4B-00C04F79EFBC}") = "Microsoft.MixedReality.Toolkit.Demos.InspectorFields.Inspectors", "Microsoft.MixedReality.Toolkit.Demos.InspectorFields.Inspectors.csproj", "{7BAE9A73-DF4E-23C8-A8E6-892A14D8467E}"
EndProject
Project("{FAE04EC0-301F-11D3-BF4B-00C04F79EFBC}") = "Microsoft.MixedReality.Toolkit.Editor.Utilities", "Microsoft.MixedReality.Toolkit.Editor.Utilities.csproj", "{B300CD92-74E5-DD2B-E343-1B11412D611C}"
EndProject
Project("{FAE04EC0-301F-11D3-BF4B-00C04F79EFBC}") = "Microsoft.MixedReality.Toolkit.Tools", "Microsoft.MixedReality.Toolkit.Tools.csproj", "{A2DA3EDD-0B44-5311-0D77-981143129527}"
EndProject
Project("{FAE04EC0-301F-11D3-BF4B-00C04F79EFBC}") = "Microsoft.MixedReality.Toolkit.Demos.StandardShader.Inspectors", "Microsoft.MixedReality.Toolkit.Demos.StandardShader.Inspectors.csproj", "{4034CB26-C07F-739A-9B3A-5C6D2B47C2FA}"
EndProject
Project("{FAE04EC0-301F-11D3-BF4B-00C04F79EFBC}") = "Microsoft.MixedReality.Toolkit.Providers.ObjectMeshObserver", "Microsoft.MixedReality.Toolkit.Providers.ObjectMeshObserver.csproj", "{A959E381-07E1-3AEC-7225-91C0FB21DD43}"
EndProject
Project("{FAE04EC0-301F-11D3-BF4B-00C04F79EFBC}") = "Microsoft.MixedReality.Toolkit.Editor.ClassExtensions", "Microsoft.MixedReality.Toolkit.Editor.ClassExtensions.csproj", "{DE685B60-3F78-D329-8AA9-1E319A5DC0FF}"
EndProject
Project("{FAE04EC0-301F-11D3-BF4B-00C04F79EFBC}") = "Microsoft.MixedReality.Toolkit.Gltf.Importers", "Microsoft.MixedReality.Toolkit.Gltf.Importers.csproj", "{C21AC44A-D90F-09DB-3B89-33EC7DE43873}"
EndProject
Project("{FAE04EC0-301F-11D3-BF4B-00C04F79EFBC}") = "Microsoft.MixedReality.Toolkit.Providers.WindowsMixedReality.ConfigCheck", "Microsoft.MixedReality.Toolkit.Providers.WindowsMixedReality.ConfigCheck.csproj", "{9569663D-3B36-F73D-31D3-8DD92CDE8400}"
EndProject
Project("{FAE04EC0-301F-11D3-BF4B-00C04F79EFBC}") = "Microsoft.MixedReality.Toolkit.Providers.LeapMotion.Editor", "Microsoft.MixedReality.Toolkit.Providers.LeapMotion.Editor.csproj", "{C06BF665-A2D9-3A31-011A-69061D43EF32}"
EndProject
Project("{FAE04EC0-301F-11D3-BF4B-00C04F79EFBC}") = "Microsoft.MixedReality.Toolkit.Services.InputSimulation.Editor", "Microsoft.MixedReality.Toolkit.Services.InputSimulation.Editor.csproj", "{8CE0635C-80A8-661F-02E5-D15D1867F69A}"
EndProject
Project("{FAE04EC0-301F-11D3-BF4B-00C04F79EFBC}") = "Microsoft.MixedReality.Toolkit.MSBuild", "Microsoft.MixedReality.Toolkit.MSBuild.csproj", "{85A1730F-F3D1-F39C-1846-3ACA821ED19B}"
EndProject
Project("{FAE04EC0-301F-11D3-BF4B-00C04F79EFBC}") = "Microsoft.MixedReality.Toolkit.Editor.BuildAndDeploy", "Microsoft.MixedReality.Toolkit.Editor.BuildAndDeploy.csproj", "{32EF21E1-D275-2F65-EE92-29091CCD7024}"
EndProject
Project("{FAE04EC0-301F-11D3-BF4B-00C04F79EFBC}") = "Microsoft.MixedReality.Toolkit.Demos.Gltf.Inspectors", "Microsoft.MixedReality.Toolkit.Demos.Gltf.Inspectors.csproj", "{E0CB4980-6048-435D-9605-AFD026150A11}"
EndProject
Project("{FAE04EC0-301F-11D3-BF4B-00C04F79EFBC}") = "Microsoft.MixedReality.Toolkit.Examples.Editor.Inspectors", "Microsoft.MixedReality.Toolkit.Examples.Editor.Inspectors.csproj", "{7148C9A3-7378-1972-05E1-116134825AC5}"
EndProject
Project("{FAE04EC0-301F-11D3-BF4B-00C04F79EFBC}") = "Microsoft.MixedReality.Toolkit.Providers.LeapMotion.ConfigurationChecker", "Microsoft.MixedReality.Toolkit.Providers.LeapMotion.ConfigurationChecker.csproj", "{3500A160-A96F-93BF-77B7-3EC670C9B551}"
EndProject
Project("{FAE04EC0-301F-11D3-BF4B-00C04F79EFBC}") = "Microsoft.MixedReality.Toolkit.Providers.UnityAR.ConfigCheck", "Microsoft.MixedReality.Toolkit.Providers.UnityAR.ConfigCheck.csproj", "{A39A759F-5FC0-77CB-3325-28AAF6C49EF1}"
EndProject
Project("{FAE04EC0-301F-11D3-BF4B-00C04F79EFBC}") = "Microsoft.MixedReality.Toolkit.Providers.XRSDK.ConfigCheck", "Microsoft.MixedReality.Toolkit.Providers.XRSDK.ConfigCheck.csproj", "{1E0F2A36-CDFA-EFE3-6914-12A624D438A6}"
EndProject
Project("{FAE04EC0-301F-11D3-BF4B-00C04F79EFBC}") = "Microsoft.MixedReality.Toolkit.Providers.UnityAR.Editor", "Microsoft.MixedReality.Toolkit.Providers.UnityAR.Editor.csproj", "{0909051B-9311-3EB8-61A2-1C62F90D3CA0}"
EndProject
Project("{FAE04EC0-301F-11D3-BF4B-00C04F79EFBC}") = "Microsoft.MixedReality.Toolkit.Extensions.Tracking.Editor", "Microsoft.MixedReality.Toolkit.Extensions.Tracking.Editor.csproj", "{5535C04E-D109-ECDF-2647-0C475C7ED13F}"
EndProject
Project("{FAE04EC0-301F-11D3-BF4B-00C04F79EFBC}") = "ParoxePDFRenderer.Editor", "ParoxePDFRenderer.Editor.csproj", "{930FA8E7-F199-E0B5-70DF-52CD5B85A0E2}"
EndProject
Project("{FAE04EC0-301F-11D3-BF4B-00C04F79EFBC}") = "VuforiaEditorScripts", "VuforiaEditorScripts.csproj", "{DBCFECFB-F6AF-CA43-A061-FE7D730B6643}"
EndProject
Project("{FAE04EC0-301F-11D3-BF4B-00C04F79EFBC}") = "Microsoft.MixedReality.Toolkit.Providers.WindowsMixedReality.Editor", "Microsoft.MixedReality.Toolkit.Providers.WindowsMixedReality.Editor.csproj", "{54A8BA15-045F-A269-BE75-A5B0940ACE31}"
EndProject
Project("{FAE04EC0-301F-11D3-BF4B-00C04F79EFBC}") = "Microsoft.MixedReality.Toolkit.Services.InputSystem.Editor", "Microsoft.MixedReality.Toolkit.Services.InputSystem.Editor.csproj", "{E21E1675-C587-2FA2-B0D0-AD049FC2220A}"
EndProject
Global
	GlobalSection(SolutionConfigurationPlatforms) = preSolution
		Debug|Any CPU = Debug|Any CPU
		Release|Any CPU = Release|Any CPU
	EndGlobalSection
	GlobalSection(ProjectConfigurationPlatforms) = postSolution
		{34CD1EEF-0382-83E3-88C3-1E6873B0C2B1}.Debug|Any CPU.ActiveCfg = Debug|Any CPU
		{34CD1EEF-0382-83E3-88C3-1E6873B0C2B1}.Debug|Any CPU.Build.0 = Debug|Any CPU
		{34CD1EEF-0382-83E3-88C3-1E6873B0C2B1}.Release|Any CPU.ActiveCfg = Release|Any CPU
		{34CD1EEF-0382-83E3-88C3-1E6873B0C2B1}.Release|Any CPU.Build.0 = Release|Any CPU
		{3DD87B82-1677-25BF-7B2A-D6122A7DB89E}.Debug|Any CPU.ActiveCfg = Debug|Any CPU
		{3DD87B82-1677-25BF-7B2A-D6122A7DB89E}.Debug|Any CPU.Build.0 = Debug|Any CPU
		{3DD87B82-1677-25BF-7B2A-D6122A7DB89E}.Release|Any CPU.ActiveCfg = Release|Any CPU
		{3DD87B82-1677-25BF-7B2A-D6122A7DB89E}.Release|Any CPU.Build.0 = Release|Any CPU
		{3DC700A0-2BC1-E29A-0651-BDB24928C1D2}.Debug|Any CPU.ActiveCfg = Debug|Any CPU
		{3DC700A0-2BC1-E29A-0651-BDB24928C1D2}.Debug|Any CPU.Build.0 = Debug|Any CPU
		{3DC700A0-2BC1-E29A-0651-BDB24928C1D2}.Release|Any CPU.ActiveCfg = Release|Any CPU
		{3DC700A0-2BC1-E29A-0651-BDB24928C1D2}.Release|Any CPU.Build.0 = Release|Any CPU
		{1DC8910D-E55C-BB4A-8A87-E1D56E8CAB98}.Debug|Any CPU.ActiveCfg = Debug|Any CPU
		{1DC8910D-E55C-BB4A-8A87-E1D56E8CAB98}.Debug|Any CPU.Build.0 = Debug|Any CPU
		{1DC8910D-E55C-BB4A-8A87-E1D56E8CAB98}.Release|Any CPU.ActiveCfg = Release|Any CPU
		{1DC8910D-E55C-BB4A-8A87-E1D56E8CAB98}.Release|Any CPU.Build.0 = Release|Any CPU
		{40F16754-9CEE-F0B3-4034-DB7770AFA043}.Debug|Any CPU.ActiveCfg = Debug|Any CPU
		{40F16754-9CEE-F0B3-4034-DB7770AFA043}.Debug|Any CPU.Build.0 = Debug|Any CPU
		{40F16754-9CEE-F0B3-4034-DB7770AFA043}.Release|Any CPU.ActiveCfg = Release|Any CPU
		{40F16754-9CEE-F0B3-4034-DB7770AFA043}.Release|Any CPU.Build.0 = Release|Any CPU
		{B8A9FCC6-8200-C487-FABB-D964D5F48F24}.Debug|Any CPU.ActiveCfg = Debug|Any CPU
		{B8A9FCC6-8200-C487-FABB-D964D5F48F24}.Debug|Any CPU.Build.0 = Debug|Any CPU
		{B8A9FCC6-8200-C487-FABB-D964D5F48F24}.Release|Any CPU.ActiveCfg = Release|Any CPU
		{B8A9FCC6-8200-C487-FABB-D964D5F48F24}.Release|Any CPU.Build.0 = Release|Any CPU
		{6891AE58-A767-2FE5-4145-FECF3B781C16}.Debug|Any CPU.ActiveCfg = Debug|Any CPU
		{6891AE58-A767-2FE5-4145-FECF3B781C16}.Debug|Any CPU.Build.0 = Debug|Any CPU
		{6891AE58-A767-2FE5-4145-FECF3B781C16}.Release|Any CPU.ActiveCfg = Release|Any CPU
		{6891AE58-A767-2FE5-4145-FECF3B781C16}.Release|Any CPU.Build.0 = Release|Any CPU
		{23EF64E1-1FF2-D229-EC6F-F0690B8DC1AC}.Debug|Any CPU.ActiveCfg = Debug|Any CPU
		{23EF64E1-1FF2-D229-EC6F-F0690B8DC1AC}.Debug|Any CPU.Build.0 = Debug|Any CPU
		{23EF64E1-1FF2-D229-EC6F-F0690B8DC1AC}.Release|Any CPU.ActiveCfg = Release|Any CPU
		{23EF64E1-1FF2-D229-EC6F-F0690B8DC1AC}.Release|Any CPU.Build.0 = Release|Any CPU
		{DA29C35D-CDCD-C5B2-9093-35ACA0F3C092}.Debug|Any CPU.ActiveCfg = Debug|Any CPU
		{DA29C35D-CDCD-C5B2-9093-35ACA0F3C092}.Debug|Any CPU.Build.0 = Debug|Any CPU
		{DA29C35D-CDCD-C5B2-9093-35ACA0F3C092}.Release|Any CPU.ActiveCfg = Release|Any CPU
		{DA29C35D-CDCD-C5B2-9093-35ACA0F3C092}.Release|Any CPU.Build.0 = Release|Any CPU
		{66A6A373-ED2A-FDDC-54F7-C38D31FDC33E}.Debug|Any CPU.ActiveCfg = Debug|Any CPU
		{66A6A373-ED2A-FDDC-54F7-C38D31FDC33E}.Debug|Any CPU.Build.0 = Debug|Any CPU
		{66A6A373-ED2A-FDDC-54F7-C38D31FDC33E}.Release|Any CPU.ActiveCfg = Release|Any CPU
		{66A6A373-ED2A-FDDC-54F7-C38D31FDC33E}.Release|Any CPU.Build.0 = Release|Any CPU
		{FF7D6AA8-E1B5-2686-D47A-A255224CE066}.Debug|Any CPU.ActiveCfg = Debug|Any CPU
		{FF7D6AA8-E1B5-2686-D47A-A255224CE066}.Debug|Any CPU.Build.0 = Debug|Any CPU
		{FF7D6AA8-E1B5-2686-D47A-A255224CE066}.Release|Any CPU.ActiveCfg = Release|Any CPU
		{FF7D6AA8-E1B5-2686-D47A-A255224CE066}.Release|Any CPU.Build.0 = Release|Any CPU
		{7C065300-9066-FA4B-8AEF-19391C001DAB}.Debug|Any CPU.ActiveCfg = Debug|Any CPU
		{7C065300-9066-FA4B-8AEF-19391C001DAB}.Debug|Any CPU.Build.0 = Debug|Any CPU
		{7C065300-9066-FA4B-8AEF-19391C001DAB}.Release|Any CPU.ActiveCfg = Release|Any CPU
		{7C065300-9066-FA4B-8AEF-19391C001DAB}.Release|Any CPU.Build.0 = Release|Any CPU
		{0600910D-9E4F-F71C-2AA7-C472244C3CEF}.Debug|Any CPU.ActiveCfg = Debug|Any CPU
		{0600910D-9E4F-F71C-2AA7-C472244C3CEF}.Debug|Any CPU.Build.0 = Debug|Any CPU
		{0600910D-9E4F-F71C-2AA7-C472244C3CEF}.Release|Any CPU.ActiveCfg = Release|Any CPU
		{0600910D-9E4F-F71C-2AA7-C472244C3CEF}.Release|Any CPU.Build.0 = Release|Any CPU
		{33E67E91-51EE-8D14-0DD5-C5ADB7F1879A}.Debug|Any CPU.ActiveCfg = Debug|Any CPU
		{33E67E91-51EE-8D14-0DD5-C5ADB7F1879A}.Debug|Any CPU.Build.0 = Debug|Any CPU
		{33E67E91-51EE-8D14-0DD5-C5ADB7F1879A}.Release|Any CPU.ActiveCfg = Release|Any CPU
		{33E67E91-51EE-8D14-0DD5-C5ADB7F1879A}.Release|Any CPU.Build.0 = Release|Any CPU
		{BC6772DD-83D9-1C68-6ED8-BB7F436E6D2B}.Debug|Any CPU.ActiveCfg = Debug|Any CPU
		{BC6772DD-83D9-1C68-6ED8-BB7F436E6D2B}.Debug|Any CPU.Build.0 = Debug|Any CPU
		{BC6772DD-83D9-1C68-6ED8-BB7F436E6D2B}.Release|Any CPU.ActiveCfg = Release|Any CPU
		{BC6772DD-83D9-1C68-6ED8-BB7F436E6D2B}.Release|Any CPU.Build.0 = Release|Any CPU
		{E9AF5A56-CB43-7C5D-E382-B86CD608DDEE}.Debug|Any CPU.ActiveCfg = Debug|Any CPU
		{E9AF5A56-CB43-7C5D-E382-B86CD608DDEE}.Debug|Any CPU.Build.0 = Debug|Any CPU
		{E9AF5A56-CB43-7C5D-E382-B86CD608DDEE}.Release|Any CPU.ActiveCfg = Release|Any CPU
		{E9AF5A56-CB43-7C5D-E382-B86CD608DDEE}.Release|Any CPU.Build.0 = Release|Any CPU
		{9296E5FF-1008-8A73-5DDE-1BD9CA2B3FCF}.Debug|Any CPU.ActiveCfg = Debug|Any CPU
		{9296E5FF-1008-8A73-5DDE-1BD9CA2B3FCF}.Debug|Any CPU.Build.0 = Debug|Any CPU
		{9296E5FF-1008-8A73-5DDE-1BD9CA2B3FCF}.Release|Any CPU.ActiveCfg = Release|Any CPU
		{9296E5FF-1008-8A73-5DDE-1BD9CA2B3FCF}.Release|Any CPU.Build.0 = Release|Any CPU
		{97D7EEEF-D62C-A115-CD60-CB3CA07AB7AA}.Debug|Any CPU.ActiveCfg = Debug|Any CPU
		{97D7EEEF-D62C-A115-CD60-CB3CA07AB7AA}.Debug|Any CPU.Build.0 = Debug|Any CPU
		{97D7EEEF-D62C-A115-CD60-CB3CA07AB7AA}.Release|Any CPU.ActiveCfg = Release|Any CPU
		{97D7EEEF-D62C-A115-CD60-CB3CA07AB7AA}.Release|Any CPU.Build.0 = Release|Any CPU
		{86D5A602-56A4-A0F2-4395-9D6092F35AD9}.Debug|Any CPU.ActiveCfg = Debug|Any CPU
		{86D5A602-56A4-A0F2-4395-9D6092F35AD9}.Debug|Any CPU.Build.0 = Debug|Any CPU
		{86D5A602-56A4-A0F2-4395-9D6092F35AD9}.Release|Any CPU.ActiveCfg = Release|Any CPU
		{86D5A602-56A4-A0F2-4395-9D6092F35AD9}.Release|Any CPU.Build.0 = Release|Any CPU
		{97799DF3-40C3-08A0-DA7D-F5C7F6E7AFBA}.Debug|Any CPU.ActiveCfg = Debug|Any CPU
		{97799DF3-40C3-08A0-DA7D-F5C7F6E7AFBA}.Debug|Any CPU.Build.0 = Debug|Any CPU
		{97799DF3-40C3-08A0-DA7D-F5C7F6E7AFBA}.Release|Any CPU.ActiveCfg = Release|Any CPU
		{97799DF3-40C3-08A0-DA7D-F5C7F6E7AFBA}.Release|Any CPU.Build.0 = Release|Any CPU
		{AC17B01A-DD8F-80DC-A76F-9558DE9F6C81}.Debug|Any CPU.ActiveCfg = Debug|Any CPU
		{AC17B01A-DD8F-80DC-A76F-9558DE9F6C81}.Debug|Any CPU.Build.0 = Debug|Any CPU
		{AC17B01A-DD8F-80DC-A76F-9558DE9F6C81}.Release|Any CPU.ActiveCfg = Release|Any CPU
		{AC17B01A-DD8F-80DC-A76F-9558DE9F6C81}.Release|Any CPU.Build.0 = Release|Any CPU
		{CBE8554F-7259-E21B-5B62-B8018B106B01}.Debug|Any CPU.ActiveCfg = Debug|Any CPU
		{CBE8554F-7259-E21B-5B62-B8018B106B01}.Debug|Any CPU.Build.0 = Debug|Any CPU
		{CBE8554F-7259-E21B-5B62-B8018B106B01}.Release|Any CPU.ActiveCfg = Release|Any CPU
		{CBE8554F-7259-E21B-5B62-B8018B106B01}.Release|Any CPU.Build.0 = Release|Any CPU
		{B157FE44-DFF2-C70B-E64B-E86C34D08D69}.Debug|Any CPU.ActiveCfg = Debug|Any CPU
		{B157FE44-DFF2-C70B-E64B-E86C34D08D69}.Debug|Any CPU.Build.0 = Debug|Any CPU
		{B157FE44-DFF2-C70B-E64B-E86C34D08D69}.Release|Any CPU.ActiveCfg = Release|Any CPU
		{B157FE44-DFF2-C70B-E64B-E86C34D08D69}.Release|Any CPU.Build.0 = Release|Any CPU
		{E9540F84-0E73-0781-5123-032CBEDDD468}.Debug|Any CPU.ActiveCfg = Debug|Any CPU
		{E9540F84-0E73-0781-5123-032CBEDDD468}.Debug|Any CPU.Build.0 = Debug|Any CPU
		{E9540F84-0E73-0781-5123-032CBEDDD468}.Release|Any CPU.ActiveCfg = Release|Any CPU
		{E9540F84-0E73-0781-5123-032CBEDDD468}.Release|Any CPU.Build.0 = Release|Any CPU
		{ACB374B3-AC31-2153-F6D9-BB4A85551DF8}.Debug|Any CPU.ActiveCfg = Debug|Any CPU
		{ACB374B3-AC31-2153-F6D9-BB4A85551DF8}.Debug|Any CPU.Build.0 = Debug|Any CPU
		{ACB374B3-AC31-2153-F6D9-BB4A85551DF8}.Release|Any CPU.ActiveCfg = Release|Any CPU
		{ACB374B3-AC31-2153-F6D9-BB4A85551DF8}.Release|Any CPU.Build.0 = Release|Any CPU
		{F86B47F4-A583-9655-3052-1FD586D497BD}.Debug|Any CPU.ActiveCfg = Debug|Any CPU
		{F86B47F4-A583-9655-3052-1FD586D497BD}.Debug|Any CPU.Build.0 = Debug|Any CPU
		{F86B47F4-A583-9655-3052-1FD586D497BD}.Release|Any CPU.ActiveCfg = Release|Any CPU
		{F86B47F4-A583-9655-3052-1FD586D497BD}.Release|Any CPU.Build.0 = Release|Any CPU
		{AB883F74-611C-156C-8495-254CBFAE770A}.Debug|Any CPU.ActiveCfg = Debug|Any CPU
		{AB883F74-611C-156C-8495-254CBFAE770A}.Debug|Any CPU.Build.0 = Debug|Any CPU
		{AB883F74-611C-156C-8495-254CBFAE770A}.Release|Any CPU.ActiveCfg = Release|Any CPU
		{AB883F74-611C-156C-8495-254CBFAE770A}.Release|Any CPU.Build.0 = Release|Any CPU
		{2DBCFCD9-E6AD-6124-75F0-634100FF6FC8}.Debug|Any CPU.ActiveCfg = Debug|Any CPU
		{2DBCFCD9-E6AD-6124-75F0-634100FF6FC8}.Debug|Any CPU.Build.0 = Debug|Any CPU
		{2DBCFCD9-E6AD-6124-75F0-634100FF6FC8}.Release|Any CPU.ActiveCfg = Release|Any CPU
		{2DBCFCD9-E6AD-6124-75F0-634100FF6FC8}.Release|Any CPU.Build.0 = Release|Any CPU
		{9A27D7D5-1B21-AB95-D976-6937713056BB}.Debug|Any CPU.ActiveCfg = Debug|Any CPU
		{9A27D7D5-1B21-AB95-D976-6937713056BB}.Debug|Any CPU.Build.0 = Debug|Any CPU
		{9A27D7D5-1B21-AB95-D976-6937713056BB}.Release|Any CPU.ActiveCfg = Release|Any CPU
		{9A27D7D5-1B21-AB95-D976-6937713056BB}.Release|Any CPU.Build.0 = Release|Any CPU
		{F3517085-DAFF-9324-3BC4-3C5A2171D2E8}.Debug|Any CPU.ActiveCfg = Debug|Any CPU
		{F3517085-DAFF-9324-3BC4-3C5A2171D2E8}.Debug|Any CPU.Build.0 = Debug|Any CPU
		{F3517085-DAFF-9324-3BC4-3C5A2171D2E8}.Release|Any CPU.ActiveCfg = Release|Any CPU
		{F3517085-DAFF-9324-3BC4-3C5A2171D2E8}.Release|Any CPU.Build.0 = Release|Any CPU
		{267F6E1C-D032-CFFB-CBE9-5A47FE1E3281}.Debug|Any CPU.ActiveCfg = Debug|Any CPU
		{267F6E1C-D032-CFFB-CBE9-5A47FE1E3281}.Debug|Any CPU.Build.0 = Debug|Any CPU
		{267F6E1C-D032-CFFB-CBE9-5A47FE1E3281}.Release|Any CPU.ActiveCfg = Release|Any CPU
		{267F6E1C-D032-CFFB-CBE9-5A47FE1E3281}.Release|Any CPU.Build.0 = Release|Any CPU
		{1046BFC2-81F8-997C-E702-63740A5C3ACF}.Debug|Any CPU.ActiveCfg = Debug|Any CPU
		{1046BFC2-81F8-997C-E702-63740A5C3ACF}.Debug|Any CPU.Build.0 = Debug|Any CPU
		{1046BFC2-81F8-997C-E702-63740A5C3ACF}.Release|Any CPU.ActiveCfg = Release|Any CPU
		{1046BFC2-81F8-997C-E702-63740A5C3ACF}.Release|Any CPU.Build.0 = Release|Any CPU
		{46C2BB2F-89FF-6EB4-E2C9-6411CD4637C4}.Debug|Any CPU.ActiveCfg = Debug|Any CPU
		{46C2BB2F-89FF-6EB4-E2C9-6411CD4637C4}.Debug|Any CPU.Build.0 = Debug|Any CPU
		{46C2BB2F-89FF-6EB4-E2C9-6411CD4637C4}.Release|Any CPU.ActiveCfg = Release|Any CPU
		{46C2BB2F-89FF-6EB4-E2C9-6411CD4637C4}.Release|Any CPU.Build.0 = Release|Any CPU
		{E1B558D8-CE69-5EB3-2540-079331F5A9BA}.Debug|Any CPU.ActiveCfg = Debug|Any CPU
		{E1B558D8-CE69-5EB3-2540-079331F5A9BA}.Debug|Any CPU.Build.0 = Debug|Any CPU
		{E1B558D8-CE69-5EB3-2540-079331F5A9BA}.Release|Any CPU.ActiveCfg = Release|Any CPU
		{E1B558D8-CE69-5EB3-2540-079331F5A9BA}.Release|Any CPU.Build.0 = Release|Any CPU
		{9BFB8309-8A37-7CD1-2A32-4F76C61FE38E}.Debug|Any CPU.ActiveCfg = Debug|Any CPU
		{9BFB8309-8A37-7CD1-2A32-4F76C61FE38E}.Debug|Any CPU.Build.0 = Debug|Any CPU
		{9BFB8309-8A37-7CD1-2A32-4F76C61FE38E}.Release|Any CPU.ActiveCfg = Release|Any CPU
		{9BFB8309-8A37-7CD1-2A32-4F76C61FE38E}.Release|Any CPU.Build.0 = Release|Any CPU
		{A80E35DB-86F2-EC27-7310-26C574377C54}.Debug|Any CPU.ActiveCfg = Debug|Any CPU
		{A80E35DB-86F2-EC27-7310-26C574377C54}.Debug|Any CPU.Build.0 = Debug|Any CPU
		{A80E35DB-86F2-EC27-7310-26C574377C54}.Release|Any CPU.ActiveCfg = Release|Any CPU
		{A80E35DB-86F2-EC27-7310-26C574377C54}.Release|Any CPU.Build.0 = Release|Any CPU
		{2B84514F-7A45-D7CA-9618-5C84A74DB2B5}.Debug|Any CPU.ActiveCfg = Debug|Any CPU
		{2B84514F-7A45-D7CA-9618-5C84A74DB2B5}.Debug|Any CPU.Build.0 = Debug|Any CPU
		{2B84514F-7A45-D7CA-9618-5C84A74DB2B5}.Release|Any CPU.ActiveCfg = Release|Any CPU
		{2B84514F-7A45-D7CA-9618-5C84A74DB2B5}.Release|Any CPU.Build.0 = Release|Any CPU
		{611914B4-14BE-7C24-7C79-5C4214EEAFD6}.Debug|Any CPU.ActiveCfg = Debug|Any CPU
		{611914B4-14BE-7C24-7C79-5C4214EEAFD6}.Debug|Any CPU.Build.0 = Debug|Any CPU
		{611914B4-14BE-7C24-7C79-5C4214EEAFD6}.Release|Any CPU.ActiveCfg = Release|Any CPU
		{611914B4-14BE-7C24-7C79-5C4214EEAFD6}.Release|Any CPU.Build.0 = Release|Any CPU
		{96AB1623-16BE-B366-691A-36809BE13D1A}.Debug|Any CPU.ActiveCfg = Debug|Any CPU
		{96AB1623-16BE-B366-691A-36809BE13D1A}.Debug|Any CPU.Build.0 = Debug|Any CPU
		{96AB1623-16BE-B366-691A-36809BE13D1A}.Release|Any CPU.ActiveCfg = Release|Any CPU
		{96AB1623-16BE-B366-691A-36809BE13D1A}.Release|Any CPU.Build.0 = Release|Any CPU
		{D11867C7-C89F-CACC-5F33-142387C92583}.Debug|Any CPU.ActiveCfg = Debug|Any CPU
		{D11867C7-C89F-CACC-5F33-142387C92583}.Debug|Any CPU.Build.0 = Debug|Any CPU
		{D11867C7-C89F-CACC-5F33-142387C92583}.Release|Any CPU.ActiveCfg = Release|Any CPU
		{D11867C7-C89F-CACC-5F33-142387C92583}.Release|Any CPU.Build.0 = Release|Any CPU
		{EC4A9CB6-18D1-1332-8E62-28ADC24863DA}.Debug|Any CPU.ActiveCfg = Debug|Any CPU
		{EC4A9CB6-18D1-1332-8E62-28ADC24863DA}.Debug|Any CPU.Build.0 = Debug|Any CPU
		{EC4A9CB6-18D1-1332-8E62-28ADC24863DA}.Release|Any CPU.ActiveCfg = Release|Any CPU
		{EC4A9CB6-18D1-1332-8E62-28ADC24863DA}.Release|Any CPU.Build.0 = Release|Any CPU
		{3E25E2DC-4E64-4B4E-D897-A177021BE90C}.Debug|Any CPU.ActiveCfg = Debug|Any CPU
		{3E25E2DC-4E64-4B4E-D897-A177021BE90C}.Debug|Any CPU.Build.0 = Debug|Any CPU
		{3E25E2DC-4E64-4B4E-D897-A177021BE90C}.Release|Any CPU.ActiveCfg = Release|Any CPU
		{3E25E2DC-4E64-4B4E-D897-A177021BE90C}.Release|Any CPU.Build.0 = Release|Any CPU
		{20BF8590-0F85-A86F-84A8-B63006E5E435}.Debug|Any CPU.ActiveCfg = Debug|Any CPU
		{20BF8590-0F85-A86F-84A8-B63006E5E435}.Debug|Any CPU.Build.0 = Debug|Any CPU
		{20BF8590-0F85-A86F-84A8-B63006E5E435}.Release|Any CPU.ActiveCfg = Release|Any CPU
		{20BF8590-0F85-A86F-84A8-B63006E5E435}.Release|Any CPU.Build.0 = Release|Any CPU
		{7BAE9A73-DF4E-23C8-A8E6-892A14D8467E}.Debug|Any CPU.ActiveCfg = Debug|Any CPU
		{7BAE9A73-DF4E-23C8-A8E6-892A14D8467E}.Debug|Any CPU.Build.0 = Debug|Any CPU
		{7BAE9A73-DF4E-23C8-A8E6-892A14D8467E}.Release|Any CPU.ActiveCfg = Release|Any CPU
		{7BAE9A73-DF4E-23C8-A8E6-892A14D8467E}.Release|Any CPU.Build.0 = Release|Any CPU
		{B300CD92-74E5-DD2B-E343-1B11412D611C}.Debug|Any CPU.ActiveCfg = Debug|Any CPU
		{B300CD92-74E5-DD2B-E343-1B11412D611C}.Debug|Any CPU.Build.0 = Debug|Any CPU
		{B300CD92-74E5-DD2B-E343-1B11412D611C}.Release|Any CPU.ActiveCfg = Release|Any CPU
		{B300CD92-74E5-DD2B-E343-1B11412D611C}.Release|Any CPU.Build.0 = Release|Any CPU
		{A2DA3EDD-0B44-5311-0D77-981143129527}.Debug|Any CPU.ActiveCfg = Debug|Any CPU
		{A2DA3EDD-0B44-5311-0D77-981143129527}.Debug|Any CPU.Build.0 = Debug|Any CPU
		{A2DA3EDD-0B44-5311-0D77-981143129527}.Release|Any CPU.ActiveCfg = Release|Any CPU
		{A2DA3EDD-0B44-5311-0D77-981143129527}.Release|Any CPU.Build.0 = Release|Any CPU
		{4034CB26-C07F-739A-9B3A-5C6D2B47C2FA}.Debug|Any CPU.ActiveCfg = Debug|Any CPU
		{4034CB26-C07F-739A-9B3A-5C6D2B47C2FA}.Debug|Any CPU.Build.0 = Debug|Any CPU
		{4034CB26-C07F-739A-9B3A-5C6D2B47C2FA}.Release|Any CPU.ActiveCfg = Release|Any CPU
		{4034CB26-C07F-739A-9B3A-5C6D2B47C2FA}.Release|Any CPU.Build.0 = Release|Any CPU
		{A959E381-07E1-3AEC-7225-91C0FB21DD43}.Debug|Any CPU.ActiveCfg = Debug|Any CPU
		{A959E381-07E1-3AEC-7225-91C0FB21DD43}.Debug|Any CPU.Build.0 = Debug|Any CPU
		{A959E381-07E1-3AEC-7225-91C0FB21DD43}.Release|Any CPU.ActiveCfg = Release|Any CPU
		{A959E381-07E1-3AEC-7225-91C0FB21DD43}.Release|Any CPU.Build.0 = Release|Any CPU
		{DE685B60-3F78-D329-8AA9-1E319A5DC0FF}.Debug|Any CPU.ActiveCfg = Debug|Any CPU
		{DE685B60-3F78-D329-8AA9-1E319A5DC0FF}.Debug|Any CPU.Build.0 = Debug|Any CPU
		{DE685B60-3F78-D329-8AA9-1E319A5DC0FF}.Release|Any CPU.ActiveCfg = Release|Any CPU
		{DE685B60-3F78-D329-8AA9-1E319A5DC0FF}.Release|Any CPU.Build.0 = Release|Any CPU
		{C21AC44A-D90F-09DB-3B89-33EC7DE43873}.Debug|Any CPU.ActiveCfg = Debug|Any CPU
		{C21AC44A-D90F-09DB-3B89-33EC7DE43873}.Debug|Any CPU.Build.0 = Debug|Any CPU
		{C21AC44A-D90F-09DB-3B89-33EC7DE43873}.Release|Any CPU.ActiveCfg = Release|Any CPU
		{C21AC44A-D90F-09DB-3B89-33EC7DE43873}.Release|Any CPU.Build.0 = Release|Any CPU
		{9569663D-3B36-F73D-31D3-8DD92CDE8400}.Debug|Any CPU.ActiveCfg = Debug|Any CPU
		{9569663D-3B36-F73D-31D3-8DD92CDE8400}.Debug|Any CPU.Build.0 = Debug|Any CPU
		{9569663D-3B36-F73D-31D3-8DD92CDE8400}.Release|Any CPU.ActiveCfg = Release|Any CPU
		{9569663D-3B36-F73D-31D3-8DD92CDE8400}.Release|Any CPU.Build.0 = Release|Any CPU
		{C06BF665-A2D9-3A31-011A-69061D43EF32}.Debug|Any CPU.ActiveCfg = Debug|Any CPU
		{C06BF665-A2D9-3A31-011A-69061D43EF32}.Debug|Any CPU.Build.0 = Debug|Any CPU
		{C06BF665-A2D9-3A31-011A-69061D43EF32}.Release|Any CPU.ActiveCfg = Release|Any CPU
		{C06BF665-A2D9-3A31-011A-69061D43EF32}.Release|Any CPU.Build.0 = Release|Any CPU
		{8CE0635C-80A8-661F-02E5-D15D1867F69A}.Debug|Any CPU.ActiveCfg = Debug|Any CPU
		{8CE0635C-80A8-661F-02E5-D15D1867F69A}.Debug|Any CPU.Build.0 = Debug|Any CPU
		{8CE0635C-80A8-661F-02E5-D15D1867F69A}.Release|Any CPU.ActiveCfg = Release|Any CPU
		{8CE0635C-80A8-661F-02E5-D15D1867F69A}.Release|Any CPU.Build.0 = Release|Any CPU
		{85A1730F-F3D1-F39C-1846-3ACA821ED19B}.Debug|Any CPU.ActiveCfg = Debug|Any CPU
		{85A1730F-F3D1-F39C-1846-3ACA821ED19B}.Debug|Any CPU.Build.0 = Debug|Any CPU
		{85A1730F-F3D1-F39C-1846-3ACA821ED19B}.Release|Any CPU.ActiveCfg = Release|Any CPU
		{85A1730F-F3D1-F39C-1846-3ACA821ED19B}.Release|Any CPU.Build.0 = Release|Any CPU
		{32EF21E1-D275-2F65-EE92-29091CCD7024}.Debug|Any CPU.ActiveCfg = Debug|Any CPU
		{32EF21E1-D275-2F65-EE92-29091CCD7024}.Debug|Any CPU.Build.0 = Debug|Any CPU
		{32EF21E1-D275-2F65-EE92-29091CCD7024}.Release|Any CPU.ActiveCfg = Release|Any CPU
		{32EF21E1-D275-2F65-EE92-29091CCD7024}.Release|Any CPU.Build.0 = Release|Any CPU
		{E0CB4980-6048-435D-9605-AFD026150A11}.Debug|Any CPU.ActiveCfg = Debug|Any CPU
		{E0CB4980-6048-435D-9605-AFD026150A11}.Debug|Any CPU.Build.0 = Debug|Any CPU
		{E0CB4980-6048-435D-9605-AFD026150A11}.Release|Any CPU.ActiveCfg = Release|Any CPU
		{E0CB4980-6048-435D-9605-AFD026150A11}.Release|Any CPU.Build.0 = Release|Any CPU
		{7148C9A3-7378-1972-05E1-116134825AC5}.Debug|Any CPU.ActiveCfg = Debug|Any CPU
		{7148C9A3-7378-1972-05E1-116134825AC5}.Debug|Any CPU.Build.0 = Debug|Any CPU
		{7148C9A3-7378-1972-05E1-116134825AC5}.Release|Any CPU.ActiveCfg = Release|Any CPU
		{7148C9A3-7378-1972-05E1-116134825AC5}.Release|Any CPU.Build.0 = Release|Any CPU
		{3500A160-A96F-93BF-77B7-3EC670C9B551}.Debug|Any CPU.ActiveCfg = Debug|Any CPU
		{3500A160-A96F-93BF-77B7-3EC670C9B551}.Debug|Any CPU.Build.0 = Debug|Any CPU
		{3500A160-A96F-93BF-77B7-3EC670C9B551}.Release|Any CPU.ActiveCfg = Release|Any CPU
		{3500A160-A96F-93BF-77B7-3EC670C9B551}.Release|Any CPU.Build.0 = Release|Any CPU
		{A39A759F-5FC0-77CB-3325-28AAF6C49EF1}.Debug|Any CPU.ActiveCfg = Debug|Any CPU
		{A39A759F-5FC0-77CB-3325-28AAF6C49EF1}.Debug|Any CPU.Build.0 = Debug|Any CPU
		{A39A759F-5FC0-77CB-3325-28AAF6C49EF1}.Release|Any CPU.ActiveCfg = Release|Any CPU
		{A39A759F-5FC0-77CB-3325-28AAF6C49EF1}.Release|Any CPU.Build.0 = Release|Any CPU
		{1E0F2A36-CDFA-EFE3-6914-12A624D438A6}.Debug|Any CPU.ActiveCfg = Debug|Any CPU
		{1E0F2A36-CDFA-EFE3-6914-12A624D438A6}.Debug|Any CPU.Build.0 = Debug|Any CPU
		{1E0F2A36-CDFA-EFE3-6914-12A624D438A6}.Release|Any CPU.ActiveCfg = Release|Any CPU
		{1E0F2A36-CDFA-EFE3-6914-12A624D438A6}.Release|Any CPU.Build.0 = Release|Any CPU
		{0909051B-9311-3EB8-61A2-1C62F90D3CA0}.Debug|Any CPU.ActiveCfg = Debug|Any CPU
		{0909051B-9311-3EB8-61A2-1C62F90D3CA0}.Debug|Any CPU.Build.0 = Debug|Any CPU
		{0909051B-9311-3EB8-61A2-1C62F90D3CA0}.Release|Any CPU.ActiveCfg = Release|Any CPU
		{0909051B-9311-3EB8-61A2-1C62F90D3CA0}.Release|Any CPU.Build.0 = Release|Any CPU
		{5535C04E-D109-ECDF-2647-0C475C7ED13F}.Debug|Any CPU.ActiveCfg = Debug|Any CPU
		{5535C04E-D109-ECDF-2647-0C475C7ED13F}.Debug|Any CPU.Build.0 = Debug|Any CPU
		{5535C04E-D109-ECDF-2647-0C475C7ED13F}.Release|Any CPU.ActiveCfg = Release|Any CPU
		{5535C04E-D109-ECDF-2647-0C475C7ED13F}.Release|Any CPU.Build.0 = Release|Any CPU
		{930FA8E7-F199-E0B5-70DF-52CD5B85A0E2}.Debug|Any CPU.ActiveCfg = Debug|Any CPU
		{930FA8E7-F199-E0B5-70DF-52CD5B85A0E2}.Debug|Any CPU.Build.0 = Debug|Any CPU
		{930FA8E7-F199-E0B5-70DF-52CD5B85A0E2}.Release|Any CPU.ActiveCfg = Release|Any CPU
		{930FA8E7-F199-E0B5-70DF-52CD5B85A0E2}.Release|Any CPU.Build.0 = Release|Any CPU
		{DBCFECFB-F6AF-CA43-A061-FE7D730B6643}.Debug|Any CPU.ActiveCfg = Debug|Any CPU
		{DBCFECFB-F6AF-CA43-A061-FE7D730B6643}.Debug|Any CPU.Build.0 = Debug|Any CPU
		{DBCFECFB-F6AF-CA43-A061-FE7D730B6643}.Release|Any CPU.ActiveCfg = Release|Any CPU
		{DBCFECFB-F6AF-CA43-A061-FE7D730B6643}.Release|Any CPU.Build.0 = Release|Any CPU
		{54A8BA15-045F-A269-BE75-A5B0940ACE31}.Debug|Any CPU.ActiveCfg = Debug|Any CPU
		{54A8BA15-045F-A269-BE75-A5B0940ACE31}.Debug|Any CPU.Build.0 = Debug|Any CPU
		{54A8BA15-045F-A269-BE75-A5B0940ACE31}.Release|Any CPU.ActiveCfg = Release|Any CPU
		{54A8BA15-045F-A269-BE75-A5B0940ACE31}.Release|Any CPU.Build.0 = Release|Any CPU
		{E21E1675-C587-2FA2-B0D0-AD049FC2220A}.Debug|Any CPU.ActiveCfg = Debug|Any CPU
		{E21E1675-C587-2FA2-B0D0-AD049FC2220A}.Debug|Any CPU.Build.0 = Debug|Any CPU
		{E21E1675-C587-2FA2-B0D0-AD049FC2220A}.Release|Any CPU.ActiveCfg = Release|Any CPU
		{E21E1675-C587-2FA2-B0D0-AD049FC2220A}.Release|Any CPU.Build.0 = Release|Any CPU
	EndGlobalSection
	GlobalSection(SolutionProperties) = preSolution
		HideSolutionNode = FALSE
	EndGlobalSection
	GlobalSection(MonoDevelopProperties) = preSolution
		StartupItem = Assembly-CSharp.csproj
	EndGlobalSection
EndGlobal
