Microsoft Visual Studio Solution File, Format Version 11.00
# Visual Studio 2010
Project("{FAE04EC0-301F-11D3-BF4B-00C04F79EFBC}") = "Assembly-CSharp", "Assembly-CSharp.csproj", "{5328A711-252C-DC98-97B2-50971F031BF1}"
EndProject
Project("{FAE04EC0-301F-11D3-BF4B-00C04F79EFBC}") = "Assembly-CSharp-firstpass", "Assembly-CSharp-firstpass.csproj", "{F8D15D80-168A-B962-6827-672278E45330}"
EndProject
Project("{FAE04EC0-301F-11D3-BF4B-00C04F79EFBC}") = "Assembly-CSharp-Editor-firstpass", "Assembly-CSharp-Editor-firstpass.csproj", "{491A76D1-E84E-DD7E-36C8-B8510A22D35A}"
EndProject
Global
	GlobalSection(SolutionConfigurationPlatforms) = preSolution
		Debug|Any CPU = Debug|Any CPU
		Release|Any CPU = Release|Any CPU
	EndGlobalSection
	GlobalSection(ProjectConfigurationPlatforms) = postSolution
		{5328A711-252C-DC98-97B2-50971F031BF1}.Debug|Any CPU.ActiveCfg = Debug|Any CPU
		{5328A711-252C-DC98-97B2-50971F031BF1}.Debug|Any CPU.Build.0 = Debug|Any CPU
		{5328A711-252C-DC98-97B2-50971F031BF1}.Release|Any CPU.ActiveCfg = Release|Any CPU
		{5328A711-252C-DC98-97B2-50971F031BF1}.Release|Any CPU.Build.0 = Release|Any CPU
		{F8D15D80-168A-B962-6827-672278E45330}.Debug|Any CPU.ActiveCfg = Debug|Any CPU
		{F8D15D80-168A-B962-6827-672278E45330}.Debug|Any CPU.Build.0 = Debug|Any CPU
		{F8D15D80-168A-B962-6827-672278E45330}.Release|Any CPU.ActiveCfg = Release|Any CPU
		{F8D15D80-168A-B962-6827-672278E45330}.Release|Any CPU.Build.0 = Release|Any CPU
		{491A76D1-E84E-DD7E-36C8-B8510A22D35A}.Debug|Any CPU.ActiveCfg = Debug|Any CPU
		{491A76D1-E84E-DD7E-36C8-B8510A22D35A}.Debug|Any CPU.Build.0 = Debug|Any CPU
		{491A76D1-E84E-DD7E-36C8-B8510A22D35A}.Release|Any CPU.ActiveCfg = Release|Any CPU
		{491A76D1-E84E-DD7E-36C8-B8510A22D35A}.Release|Any CPU.Build.0 = Release|Any CPU
	EndGlobalSection
	GlobalSection(SolutionProperties) = preSolution
		HideSolutionNode = FALSE
	EndGlobalSection
	GlobalSection(MonoDevelopProperties) = preSolution
		StartupItem = Assembly-CSharp.csproj
	EndGlobalSection
EndGlobal
